
Microsoft Visual Studio Solution File, Format Version 12.00
# Visual Studio Version 17
VisualStudioVersion = 17.9.34728.123
MinimumVisualStudioVersion = 10.0.40219.1
Project("{9A19103F-16F7-4668-BE54-9A1E7A4F7556}") = "Heroes-Vs-Monsters", "Heroes-Vs-Monsters.csproj", "{6F5E5247-4592-47A1-99AC-F0419FB5F88D}"
EndProject
Project("{FAE04EC0-301F-11D3-BF4B-00C04F79EFBC}") = "Models", "..\Models\Models.csproj", "{F85F7A25-A648-442F-80BE-D6A59BA31F03}"
EndProject
Global
	GlobalSection(SolutionConfigurationPlatforms) = preSolution
		Debug|Any CPU = Debug|Any CPU
		Release|Any CPU = Release|Any CPU
	EndGlobalSection
	GlobalSection(ProjectConfigurationPlatforms) = postSolution
		{6F5E5247-4592-47A1-99AC-F0419FB5F88D}.Debug|Any CPU.ActiveCfg = Debug|Any CPU
		{6F5E5247-4592-47A1-99AC-F0419FB5F88D}.Debug|Any CPU.Build.0 = Debug|Any CPU
		{6F5E5247-4592-47A1-99AC-F0419FB5F88D}.Release|Any CPU.ActiveCfg = Release|Any CPU
		{6F5E5247-4592-47A1-99AC-F0419FB5F88D}.Release|Any CPU.Build.0 = Release|Any CPU
		{F85F7A25-A648-442F-80BE-D6A59BA31F03}.Debug|Any CPU.ActiveCfg = Debug|Any CPU
		{F85F7A25-A648-442F-80BE-D6A59BA31F03}.Debug|Any CPU.Build.0 = Debug|Any CPU
		{F85F7A25-A648-442F-80BE-D6A59BA31F03}.Release|Any CPU.ActiveCfg = Release|Any CPU
		{F85F7A25-A648-442F-80BE-D6A59BA31F03}.Release|Any CPU.Build.0 = Release|Any CPU
	EndGlobalSection
	GlobalSection(SolutionProperties) = preSolution
		HideSolutionNode = FALSE
	EndGlobalSection
	GlobalSection(ExtensibilityGlobals) = postSolution
		SolutionGuid = {31748825-94F8-423C-B988-608E6F32C4B5}
	EndGlobalSection
EndGlobal
